// !$*UTF8*$!
{
	archiveVersion = 1;
	classes = {
	};
	objectVersion = 55;
	objects = {

/* Begin PBXBuildFile section */
		C14A7BBE28ACC01D009D525C /* AppDelegate.swift in Sources */ = {isa = PBXBuildFile; fileRef = C14A7BBD28ACC01D009D525C /* AppDelegate.swift */; };
		C14A7BC028ACC01D009D525C /* SceneDelegate.swift in Sources */ = {isa = PBXBuildFile; fileRef = C14A7BBF28ACC01D009D525C /* SceneDelegate.swift */; };
		C14A7BC228ACC01D009D525C /* ViewController.swift in Sources */ = {isa = PBXBuildFile; fileRef = C14A7BC128ACC01D009D525C /* ViewController.swift */; };
		C14A7BC528ACC01D009D525C /* Main.storyboard in Resources */ = {isa = PBXBuildFile; fileRef = C14A7BC328ACC01D009D525C /* Main.storyboard */; };
		C14A7BC728ACC01D009D525C /* Assets.xcassets in Resources */ = {isa = PBXBuildFile; fileRef = C14A7BC628ACC01D009D525C /* Assets.xcassets */; };
		C14A7BCA28ACC01D009D525C /* LaunchScreen.storyboard in Resources */ = {isa = PBXBuildFile; fileRef = C14A7BC828ACC01D009D525C /* LaunchScreen.storyboard */; };
		C14A7BD228ACC05C009D525C /* KakaoUIViewController.swift in Sources */ = {isa = PBXBuildFile; fileRef = C14A7BD128ACC05C009D525C /* KakaoUIViewController.swift */; };
		C14A7BD528ACC3B2009D525C /* SnapKit in Frameworks */ = {isa = PBXBuildFile; productRef = C14A7BD428ACC3B2009D525C /* SnapKit */; };
		C14A7BD828ACEE73009D525C /* BaeminViewController.swift in Sources */ = {isa = PBXBuildFile; fileRef = C14A7BD728ACEE73009D525C /* BaeminViewController.swift */; };
		C14B357728B0D36D004FD6B8 /* BaseViewController.swift in Sources */ = {isa = PBXBuildFile; fileRef = C14B357628B0D36D004FD6B8 /* BaseViewController.swift */; };
		C14B357A28B0D4B8004FD6B8 /* Toast in Frameworks */ = {isa = PBXBuildFile; productRef = C14B357928B0D4B8004FD6B8 /* Toast */; };
		C14B357C28B0D5A4004FD6B8 /* BaseView.swift in Sources */ = {isa = PBXBuildFile; fileRef = C14B357B28B0D5A4004FD6B8 /* BaseView.swift */; };
		C14B357E28B0D70D004FD6B8 /* NetflixMainViewController.swift in Sources */ = {isa = PBXBuildFile; fileRef = C14B357D28B0D70D004FD6B8 /* NetflixMainViewController.swift */; };
		C14B358128B0D75E004FD6B8 /* NetflixMainView.swift in Sources */ = {isa = PBXBuildFile; fileRef = C14B358028B0D75E004FD6B8 /* NetflixMainView.swift */; };
		C14B358428B0DC84004FD6B8 /* CustomButton.swift in Sources */ = {isa = PBXBuildFile; fileRef = C14B358328B0DC84004FD6B8 /* CustomButton.swift */; };
		C14B358828B0F6AB004FD6B8 /* CustomImageView.swift in Sources */ = {isa = PBXBuildFile; fileRef = C14B358728B0F6AB004FD6B8 /* CustomImageView.swift */; };
/* End PBXBuildFile section */

/* Begin PBXFileReference section */
		C14A7BBA28ACC01D009D525C /* CodeUIPractice.app */ = {isa = PBXFileReference; explicitFileType = wrapper.application; includeInIndex = 0; path = CodeUIPractice.app; sourceTree = BUILT_PRODUCTS_DIR; };
		C14A7BBD28ACC01D009D525C /* AppDelegate.swift */ = {isa = PBXFileReference; lastKnownFileType = sourcecode.swift; path = AppDelegate.swift; sourceTree = "<group>"; };
		C14A7BBF28ACC01D009D525C /* SceneDelegate.swift */ = {isa = PBXFileReference; lastKnownFileType = sourcecode.swift; path = SceneDelegate.swift; sourceTree = "<group>"; };
		C14A7BC128ACC01D009D525C /* ViewController.swift */ = {isa = PBXFileReference; lastKnownFileType = sourcecode.swift; path = ViewController.swift; sourceTree = "<group>"; };
		C14A7BC428ACC01D009D525C /* Base */ = {isa = PBXFileReference; lastKnownFileType = file.storyboard; name = Base; path = Base.lproj/Main.storyboard; sourceTree = "<group>"; };
		C14A7BC628ACC01D009D525C /* Assets.xcassets */ = {isa = PBXFileReference; lastKnownFileType = folder.assetcatalog; path = Assets.xcassets; sourceTree = "<group>"; };
		C14A7BC928ACC01D009D525C /* Base */ = {isa = PBXFileReference; lastKnownFileType = file.storyboard; name = Base; path = Base.lproj/LaunchScreen.storyboard; sourceTree = "<group>"; };
		C14A7BCB28ACC01D009D525C /* Info.plist */ = {isa = PBXFileReference; lastKnownFileType = text.plist.xml; path = Info.plist; sourceTree = "<group>"; };
		C14A7BD128ACC05C009D525C /* KakaoUIViewController.swift */ = {isa = PBXFileReference; lastKnownFileType = sourcecode.swift; path = KakaoUIViewController.swift; sourceTree = "<group>"; };
		C14A7BD728ACEE73009D525C /* BaeminViewController.swift */ = {isa = PBXFileReference; lastKnownFileType = sourcecode.swift; path = BaeminViewController.swift; sourceTree = "<group>"; };
		C14B357628B0D36D004FD6B8 /* BaseViewController.swift */ = {isa = PBXFileReference; lastKnownFileType = sourcecode.swift; path = BaseViewController.swift; sourceTree = "<group>"; };
		C14B357B28B0D5A4004FD6B8 /* BaseView.swift */ = {isa = PBXFileReference; lastKnownFileType = sourcecode.swift; path = BaseView.swift; sourceTree = "<group>"; };
		C14B357D28B0D70D004FD6B8 /* NetflixMainViewController.swift */ = {isa = PBXFileReference; lastKnownFileType = sourcecode.swift; path = NetflixMainViewController.swift; sourceTree = "<group>"; };
		C14B358028B0D75E004FD6B8 /* NetflixMainView.swift */ = {isa = PBXFileReference; lastKnownFileType = sourcecode.swift; path = NetflixMainView.swift; sourceTree = "<group>"; };
		C14B358328B0DC84004FD6B8 /* CustomButton.swift */ = {isa = PBXFileReference; lastKnownFileType = sourcecode.swift; path = CustomButton.swift; sourceTree = "<group>"; };
		C14B358728B0F6AB004FD6B8 /* CustomImageView.swift */ = {isa = PBXFileReference; lastKnownFileType = sourcecode.swift; path = CustomImageView.swift; sourceTree = "<group>"; };
/* End PBXFileReference section */

/* Begin PBXFrameworksBuildPhase section */
		C14A7BB728ACC01D009D525C /* Frameworks */ = {
			isa = PBXFrameworksBuildPhase;
			buildActionMask = 2147483647;
			files = (
				C14B357A28B0D4B8004FD6B8 /* Toast in Frameworks */,
				C14A7BD528ACC3B2009D525C /* SnapKit in Frameworks */,
			);
			runOnlyForDeploymentPostprocessing = 0;
		};
/* End PBXFrameworksBuildPhase section */

/* Begin PBXGroup section */
		C14A7BB128ACC01D009D525C = {
			isa = PBXGroup;
			children = (
				C14A7BBC28ACC01D009D525C /* CodeUIPractice */,
				C14A7BBB28ACC01D009D525C /* Products */,
			);
			sourceTree = "<group>";
		};
		C14A7BBB28ACC01D009D525C /* Products */ = {
			isa = PBXGroup;
			children = (
				C14A7BBA28ACC01D009D525C /* CodeUIPractice.app */,
			);
			name = Products;
			sourceTree = "<group>";
		};
		C14A7BBC28ACC01D009D525C /* CodeUIPractice */ = {
			isa = PBXGroup;
			children = (
				C14B357F28B0D744004FD6B8 /* Netflix */,
				C14B357528B0D360004FD6B8 /* Utility */,
				C14A7BBD28ACC01D009D525C /* AppDelegate.swift */,
				C14A7BBF28ACC01D009D525C /* SceneDelegate.swift */,
				C14A7BC128ACC01D009D525C /* ViewController.swift */,
				C14A7BC328ACC01D009D525C /* Main.storyboard */,
				C14A7BC628ACC01D009D525C /* Assets.xcassets */,
				C14A7BC828ACC01D009D525C /* LaunchScreen.storyboard */,
				C14A7BCB28ACC01D009D525C /* Info.plist */,
				C14A7BD128ACC05C009D525C /* KakaoUIViewController.swift */,
				C14A7BD728ACEE73009D525C /* BaeminViewController.swift */,
			);
			path = CodeUIPractice;
			sourceTree = "<group>";
		};
		C14B357528B0D360004FD6B8 /* Utility */ = {
			isa = PBXGroup;
			children = (
				C14B358228B0DC58004FD6B8 /* CustomView */,
				C14B357628B0D36D004FD6B8 /* BaseViewController.swift */,
				C14B357B28B0D5A4004FD6B8 /* BaseView.swift */,
			);
			path = Utility;
			sourceTree = "<group>";
		};
		C14B357F28B0D744004FD6B8 /* Netflix */ = {
			isa = PBXGroup;
			children = (
				C14B357D28B0D70D004FD6B8 /* NetflixMainViewController.swift */,
				C14B358028B0D75E004FD6B8 /* NetflixMainView.swift */,
			);
			path = Netflix;
			sourceTree = "<group>";
		};
		C14B358228B0DC58004FD6B8 /* CustomView */ = {
			isa = PBXGroup;
			children = (
				C14B358328B0DC84004FD6B8 /* CustomButton.swift */,
				C14B358728B0F6AB004FD6B8 /* CustomImageView.swift */,
			);
			path = CustomView;
			sourceTree = "<group>";
		};
/* End PBXGroup section */

/* Begin PBXNativeTarget section */
		C14A7BB928ACC01D009D525C /* CodeUIPractice */ = {
			isa = PBXNativeTarget;
			buildConfigurationList = C14A7BCE28ACC01D009D525C /* Build configuration list for PBXNativeTarget "CodeUIPractice" */;
			buildPhases = (
				C14A7BB628ACC01D009D525C /* Sources */,
				C14A7BB728ACC01D009D525C /* Frameworks */,
				C14A7BB828ACC01D009D525C /* Resources */,
			);
			buildRules = (
			);
			dependencies = (
			);
			name = CodeUIPractice;
			packageProductDependencies = (
				C14A7BD428ACC3B2009D525C /* SnapKit */,
				C14B357928B0D4B8004FD6B8 /* Toast */,
			);
			productName = CodeUIPractice;
			productReference = C14A7BBA28ACC01D009D525C /* CodeUIPractice.app */;
			productType = "com.apple.product-type.application";
		};
/* End PBXNativeTarget section */

/* Begin PBXProject section */
		C14A7BB228ACC01D009D525C /* Project object */ = {
			isa = PBXProject;
			attributes = {
				BuildIndependentTargetsInParallel = 1;
				LastSwiftUpdateCheck = 1340;
				LastUpgradeCheck = 1340;
				TargetAttributes = {
					C14A7BB928ACC01D009D525C = {
						CreatedOnToolsVersion = 13.4.1;
					};
				};
			};
			buildConfigurationList = C14A7BB528ACC01D009D525C /* Build configuration list for PBXProject "CodeUIPractice" */;
			compatibilityVersion = "Xcode 13.0";
			developmentRegion = en;
			hasScannedForEncodings = 0;
			knownRegions = (
				en,
				Base,
			);
			mainGroup = C14A7BB128ACC01D009D525C;
			packageReferences = (
				C14A7BD328ACC3B2009D525C /* XCRemoteSwiftPackageReference "SnapKit" */,
				C14B357828B0D4B8004FD6B8 /* XCRemoteSwiftPackageReference "Toast-Swift" */,
			);
			productRefGroup = C14A7BBB28ACC01D009D525C /* Products */;
			projectDirPath = "";
			projectRoot = "";
			targets = (
				C14A7BB928ACC01D009D525C /* CodeUIPractice */,
			);
		};
/* End PBXProject section */

/* Begin PBXResourcesBuildPhase section */
		C14A7BB828ACC01D009D525C /* Resources */ = {
			isa = PBXResourcesBuildPhase;
			buildActionMask = 2147483647;
			files = (
				C14A7BCA28ACC01D009D525C /* LaunchScreen.storyboard in Resources */,
				C14A7BC728ACC01D009D525C /* Assets.xcassets in Resources */,
				C14A7BC528ACC01D009D525C /* Main.storyboard in Resources */,
			);
			runOnlyForDeploymentPostprocessing = 0;
		};
/* End PBXResourcesBuildPhase section */

/* Begin PBXSourcesBuildPhase section */
		C14A7BB628ACC01D009D525C /* Sources */ = {
			isa = PBXSourcesBuildPhase;
			buildActionMask = 2147483647;
			files = (
				C14B358828B0F6AB004FD6B8 /* CustomImageView.swift in Sources */,
				C14B357E28B0D70D004FD6B8 /* NetflixMainViewController.swift in Sources */,
				C14A7BC228ACC01D009D525C /* ViewController.swift in Sources */,
				C14A7BBE28ACC01D009D525C /* AppDelegate.swift in Sources */,
				C14A7BD228ACC05C009D525C /* KakaoUIViewController.swift in Sources */,
				C14B358428B0DC84004FD6B8 /* CustomButton.swift in Sources */,
				C14A7BC028ACC01D009D525C /* SceneDelegate.swift in Sources */,
				C14B357C28B0D5A4004FD6B8 /* BaseView.swift in Sources */,
				C14A7BD828ACEE73009D525C /* BaeminViewController.swift in Sources */,
				C14B358128B0D75E004FD6B8 /* NetflixMainView.swift in Sources */,
				C14B357728B0D36D004FD6B8 /* BaseViewController.swift in Sources */,
			);
			runOnlyForDeploymentPostprocessing = 0;
		};
/* End PBXSourcesBuildPhase section */

/* Begin PBXVariantGroup section */
		C14A7BC328ACC01D009D525C /* Main.storyboard */ = {
			isa = PBXVariantGroup;
			children = (
				C14A7BC428ACC01D009D525C /* Base */,
			);
			name = Main.storyboard;
			sourceTree = "<group>";
		};
		C14A7BC828ACC01D009D525C /* LaunchScreen.storyboard */ = {
			isa = PBXVariantGroup;
			children = (
				C14A7BC928ACC01D009D525C /* Base */,
			);
			name = LaunchScreen.storyboard;
			sourceTree = "<group>";
		};
/* End PBXVariantGroup section */

/* Begin XCBuildConfiguration section */
		C14A7BCC28ACC01D009D525C /* Debug */ = {
			isa = XCBuildConfiguration;
			buildSettings = {
				ALWAYS_SEARCH_USER_PATHS = NO;
				CLANG_ANALYZER_NONNULL = YES;
				CLANG_ANALYZER_NUMBER_OBJECT_CONVERSION = YES_AGGRESSIVE;
				CLANG_CXX_LANGUAGE_STANDARD = "gnu++17";
				CLANG_ENABLE_MODULES = YES;
				CLANG_ENABLE_OBJC_ARC = YES;
				CLANG_ENABLE_OBJC_WEAK = YES;
				CLANG_WARN_BLOCK_CAPTURE_AUTORELEASING = YES;
				CLANG_WARN_BOOL_CONVERSION = YES;
				CLANG_WARN_COMMA = YES;
				CLANG_WARN_CONSTANT_CONVERSION = YES;
				CLANG_WARN_DEPRECATED_OBJC_IMPLEMENTATIONS = YES;
				CLANG_WARN_DIRECT_OBJC_ISA_USAGE = YES_ERROR;
				CLANG_WARN_DOCUMENTATION_COMMENTS = YES;
				CLANG_WARN_EMPTY_BODY = YES;
				CLANG_WARN_ENUM_CONVERSION = YES;
				CLANG_WARN_INFINITE_RECURSION = YES;
				CLANG_WARN_INT_CONVERSION = YES;
				CLANG_WARN_NON_LITERAL_NULL_CONVERSION = YES;
				CLANG_WARN_OBJC_IMPLICIT_RETAIN_SELF = YES;
				CLANG_WARN_OBJC_LITERAL_CONVERSION = YES;
				CLANG_WARN_OBJC_ROOT_CLASS = YES_ERROR;
				CLANG_WARN_QUOTED_INCLUDE_IN_FRAMEWORK_HEADER = YES;
				CLANG_WARN_RANGE_LOOP_ANALYSIS = YES;
				CLANG_WARN_STRICT_PROTOTYPES = YES;
				CLANG_WARN_SUSPICIOUS_MOVE = YES;
				CLANG_WARN_UNGUARDED_AVAILABILITY = YES_AGGRESSIVE;
				CLANG_WARN_UNREACHABLE_CODE = YES;
				CLANG_WARN__DUPLICATE_METHOD_MATCH = YES;
				COPY_PHASE_STRIP = NO;
				DEBUG_INFORMATION_FORMAT = dwarf;
				ENABLE_STRICT_OBJC_MSGSEND = YES;
				ENABLE_TESTABILITY = YES;
				GCC_C_LANGUAGE_STANDARD = gnu11;
				GCC_DYNAMIC_NO_PIC = NO;
				GCC_NO_COMMON_BLOCKS = YES;
				GCC_OPTIMIZATION_LEVEL = 0;
				GCC_PREPROCESSOR_DEFINITIONS = (
					"DEBUG=1",
					"$(inherited)",
				);
				GCC_WARN_64_TO_32_BIT_CONVERSION = YES;
				GCC_WARN_ABOUT_RETURN_TYPE = YES_ERROR;
				GCC_WARN_UNDECLARED_SELECTOR = YES;
				GCC_WARN_UNINITIALIZED_AUTOS = YES_AGGRESSIVE;
				GCC_WARN_UNUSED_FUNCTION = YES;
				GCC_WARN_UNUSED_VARIABLE = YES;
				IPHONEOS_DEPLOYMENT_TARGET = 15.5;
				MTL_ENABLE_DEBUG_INFO = INCLUDE_SOURCE;
				MTL_FAST_MATH = YES;
				ONLY_ACTIVE_ARCH = YES;
				SDKROOT = iphoneos;
				SWIFT_ACTIVE_COMPILATION_CONDITIONS = DEBUG;
				SWIFT_OPTIMIZATION_LEVEL = "-Onone";
			};
			name = Debug;
		};
		C14A7BCD28ACC01D009D525C /* Release */ = {
			isa = XCBuildConfiguration;
			buildSettings = {
				ALWAYS_SEARCH_USER_PATHS = NO;
				CLANG_ANALYZER_NONNULL = YES;
				CLANG_ANALYZER_NUMBER_OBJECT_CONVERSION = YES_AGGRESSIVE;
				CLANG_CXX_LANGUAGE_STANDARD = "gnu++17";
				CLANG_ENABLE_MODULES = YES;
				CLANG_ENABLE_OBJC_ARC = YES;
				CLANG_ENABLE_OBJC_WEAK = YES;
				CLANG_WARN_BLOCK_CAPTURE_AUTORELEASING = YES;
				CLANG_WARN_BOOL_CONVERSION = YES;
				CLANG_WARN_COMMA = YES;
				CLANG_WARN_CONSTANT_CONVERSION = YES;
				CLANG_WARN_DEPRECATED_OBJC_IMPLEMENTATIONS = YES;
				CLANG_WARN_DIRECT_OBJC_ISA_USAGE = YES_ERROR;
				CLANG_WARN_DOCUMENTATION_COMMENTS = YES;
				CLANG_WARN_EMPTY_BODY = YES;
				CLANG_WARN_ENUM_CONVERSION = YES;
				CLANG_WARN_INFINITE_RECURSION = YES;
				CLANG_WARN_INT_CONVERSION = YES;
				CLANG_WARN_NON_LITERAL_NULL_CONVERSION = YES;
				CLANG_WARN_OBJC_IMPLICIT_RETAIN_SELF = YES;
				CLANG_WARN_OBJC_LITERAL_CONVERSION = YES;
				CLANG_WARN_OBJC_ROOT_CLASS = YES_ERROR;
				CLANG_WARN_QUOTED_INCLUDE_IN_FRAMEWORK_HEADER = YES;
				CLANG_WARN_RANGE_LOOP_ANALYSIS = YES;
				CLANG_WARN_STRICT_PROTOTYPES = YES;
				CLANG_WARN_SUSPICIOUS_MOVE = YES;
				CLANG_WARN_UNGUARDED_AVAILABILITY = YES_AGGRESSIVE;
				CLANG_WARN_UNREACHABLE_CODE = YES;
				CLANG_WARN__DUPLICATE_METHOD_MATCH = YES;
				COPY_PHASE_STRIP = NO;
				DEBUG_INFORMATION_FORMAT = "dwarf-with-dsym";
				ENABLE_NS_ASSERTIONS = NO;
				ENABLE_STRICT_OBJC_MSGSEND = YES;
				GCC_C_LANGUAGE_STANDARD = gnu11;
				GCC_NO_COMMON_BLOCKS = YES;
				GCC_WARN_64_TO_32_BIT_CONVERSION = YES;
				GCC_WARN_ABOUT_RETURN_TYPE = YES_ERROR;
				GCC_WARN_UNDECLARED_SELECTOR = YES;
				GCC_WARN_UNINITIALIZED_AUTOS = YES_AGGRESSIVE;
				GCC_WARN_UNUSED_FUNCTION = YES;
				GCC_WARN_UNUSED_VARIABLE = YES;
				IPHONEOS_DEPLOYMENT_TARGET = 15.5;
				MTL_ENABLE_DEBUG_INFO = NO;
				MTL_FAST_MATH = YES;
				SDKROOT = iphoneos;
				SWIFT_COMPILATION_MODE = wholemodule;
				SWIFT_OPTIMIZATION_LEVEL = "-O";
				VALIDATE_PRODUCT = YES;
			};
			name = Release;
		};
		C14A7BCF28ACC01D009D525C /* Debug */ = {
			isa = XCBuildConfiguration;
			buildSettings = {
				ASSETCATALOG_COMPILER_APPICON_NAME = AppIcon;
				ASSETCATALOG_COMPILER_GLOBAL_ACCENT_COLOR_NAME = AccentColor;
				CODE_SIGN_STYLE = Automatic;
				CURRENT_PROJECT_VERSION = 1;
				DEVELOPMENT_TEAM = 54R3763M9G;
				GENERATE_INFOPLIST_FILE = YES;
				INFOPLIST_FILE = CodeUIPractice/Info.plist;
				INFOPLIST_KEY_UIApplicationSupportsIndirectInputEvents = YES;
				INFOPLIST_KEY_UILaunchStoryboardName = LaunchScreen;
				INFOPLIST_KEY_UIMainStoryboardFile = Main;
				INFOPLIST_KEY_UISupportedInterfaceOrientations_iPad = "UIInterfaceOrientationPortrait UIInterfaceOrientationPortraitUpsideDown UIInterfaceOrientationLandscapeLeft UIInterfaceOrientationLandscapeRight";
				INFOPLIST_KEY_UISupportedInterfaceOrientations_iPhone = "UIInterfaceOrientationPortrait UIInterfaceOrientationLandscapeLeft UIInterfaceOrientationLandscapeRight";
				LD_RUNPATH_SEARCH_PATHS = (
					"$(inherited)",
					"@executable_path/Frameworks",
				);
				MARKETING_VERSION = 1.0;
				PRODUCT_BUNDLE_IDENTIFIER = com.skylerLee.CodeUIPractice;
				PRODUCT_NAME = "$(TARGET_NAME)";
				SWIFT_EMIT_LOC_STRINGS = YES;
				SWIFT_VERSION = 5.0;
				TARGETED_DEVICE_FAMILY = "1,2";
			};
			name = Debug;
		};
		C14A7BD028ACC01D009D525C /* Release */ = {
			isa = XCBuildConfiguration;
			buildSettings = {
				ASSETCATALOG_COMPILER_APPICON_NAME = AppIcon;
				ASSETCATALOG_COMPILER_GLOBAL_ACCENT_COLOR_NAME = AccentColor;
				CODE_SIGN_STYLE = Automatic;
				CURRENT_PROJECT_VERSION = 1;
				DEVELOPMENT_TEAM = 54R3763M9G;
				GENERATE_INFOPLIST_FILE = YES;
				INFOPLIST_FILE = CodeUIPractice/Info.plist;
				INFOPLIST_KEY_UIApplicationSupportsIndirectInputEvents = YES;
				INFOPLIST_KEY_UILaunchStoryboardName = LaunchScreen;
				INFOPLIST_KEY_UIMainStoryboardFile = Main;
				INFOPLIST_KEY_UISupportedInterfaceOrientations_iPad = "UIInterfaceOrientationPortrait UIInterfaceOrientationPortraitUpsideDown UIInterfaceOrientationLandscapeLeft UIInterfaceOrientationLandscapeRight";
				INFOPLIST_KEY_UISupportedInterfaceOrientations_iPhone = "UIInterfaceOrientationPortrait UIInterfaceOrientationLandscapeLeft UIInterfaceOrientationLandscapeRight";
				LD_RUNPATH_SEARCH_PATHS = (
					"$(inherited)",
					"@executable_path/Frameworks",
				);
				MARKETING_VERSION = 1.0;
				PRODUCT_BUNDLE_IDENTIFIER = com.skylerLee.CodeUIPractice;
				PRODUCT_NAME = "$(TARGET_NAME)";
				SWIFT_EMIT_LOC_STRINGS = YES;
				SWIFT_VERSION = 5.0;
				TARGETED_DEVICE_FAMILY = "1,2";
			};
			name = Release;
		};
/* End XCBuildConfiguration section */

/* Begin XCConfigurationList section */
		C14A7BB528ACC01D009D525C /* Build configuration list for PBXProject "CodeUIPractice" */ = {
			isa = XCConfigurationList;
			buildConfigurations = (
				C14A7BCC28ACC01D009D525C /* Debug */,
				C14A7BCD28ACC01D009D525C /* Release */,
			);
			defaultConfigurationIsVisible = 0;
			defaultConfigurationName = Release;
		};
		C14A7BCE28ACC01D009D525C /* Build configuration list for PBXNativeTarget "CodeUIPractice" */ = {
			isa = XCConfigurationList;
			buildConfigurations = (
				C14A7BCF28ACC01D009D525C /* Debug */,
				C14A7BD028ACC01D009D525C /* Release */,
			);
			defaultConfigurationIsVisible = 0;
			defaultConfigurationName = Release;
		};
/* End XCConfigurationList section */

/* Begin XCRemoteSwiftPackageReference section */
		C14A7BD328ACC3B2009D525C /* XCRemoteSwiftPackageReference "SnapKit" */ = {
			isa = XCRemoteSwiftPackageReference;
			repositoryURL = "https://github.com/SnapKit/SnapKit.git";
			requirement = {
				kind = upToNextMajorVersion;
				minimumVersion = 5.0.0;
			};
		};
		C14B357828B0D4B8004FD6B8 /* XCRemoteSwiftPackageReference "Toast-Swift" */ = {
			isa = XCRemoteSwiftPackageReference;
			repositoryURL = "https://github.com/scalessec/Toast-Swift.git";
			requirement = {
				kind = upToNextMajorVersion;
				minimumVersion = 5.0.0;
			};
		};
/* End XCRemoteSwiftPackageReference section */

/* Begin XCSwiftPackageProductDependency section */
		C14A7BD428ACC3B2009D525C /* SnapKit */ = {
			isa = XCSwiftPackageProductDependency;
			package = C14A7BD328ACC3B2009D525C /* XCRemoteSwiftPackageReference "SnapKit" */;
			productName = SnapKit;
		};
		C14B357928B0D4B8004FD6B8 /* Toast */ = {
			isa = XCSwiftPackageProductDependency;
			package = C14B357828B0D4B8004FD6B8 /* XCRemoteSwiftPackageReference "Toast-Swift" */;
			productName = Toast;
		};
/* End XCSwiftPackageProductDependency section */
	};
	rootObject = C14A7BB228ACC01D009D525C /* Project object */;
}
